
Microsoft Visual Studio Solution File, Format Version 12.00
# Visual Studio Version 17
VisualStudioVersion = 17.9.34723.18
MinimumVisualStudioVersion = 10.0.40219.1
Project("{9092AA53-FB77-4645-B42D-1CCCA6BD08BD}") = "spotifyStatsWeb", "spotifyStatsWeb.njsproj", "{9B14ED82-4519-4D0A-878D-CF571492DFD4}"
EndProject
Global
	GlobalSection(SolutionConfigurationPlatforms) = preSolution
		Debug|Any CPU = Debug|Any CPU
		Release|Any CPU = Release|Any CPU
	EndGlobalSection
	GlobalSection(ProjectConfigurationPlatforms) = postSolution
		{9B14ED82-4519-4D0A-878D-CF571492DFD4}.Debug|Any CPU.ActiveCfg = Debug|Any CPU
		{9B14ED82-4519-4D0A-878D-CF571492DFD4}.Debug|Any CPU.Build.0 = Debug|Any CPU
		{9B14ED82-4519-4D0A-878D-CF571492DFD4}.Release|Any CPU.ActiveCfg = Release|Any CPU
		{9B14ED82-4519-4D0A-878D-CF571492DFD4}.Release|Any CPU.Build.0 = Release|Any CPU
	EndGlobalSection
	GlobalSection(SolutionProperties) = preSolution
		HideSolutionNode = FALSE
	EndGlobalSection
	GlobalSection(ExtensibilityGlobals) = postSolution
		SolutionGuid = {51235134-213F-46D7-882F-F417EE7E0F3B}
	EndGlobalSection
EndGlobal
